// !$*UTF8*$!
{
	archiveVersion = 1;
	classes = {
	};
	objectVersion = 46;
	objects = {

/* Begin PBXBuildFile section */
		FD5241481AE8DF7A00FA0519 /* Images.xcassets in Resources */ = {isa = PBXBuildFile; fileRef = FD5241471AE8DF7A00FA0519 /* Images.xcassets */; };
		FD52414B1AE8DF7A00FA0519 /* LaunchScreen.xib in Resources */ = {isa = PBXBuildFile; fileRef = FD5241491AE8DF7A00FA0519 /* LaunchScreen.xib */; };
		FD5241571AE8DF7A00FA0519 /* SinaWeiBoTests.m in Sources */ = {isa = PBXBuildFile; fileRef = FD5241561AE8DF7A00FA0519 /* SinaWeiBoTests.m */; };
		FD5241641AE8E36E00FA0519 /* AppDelegate.m in Sources */ = {isa = PBXBuildFile; fileRef = FD5241621AE8E36E00FA0519 /* AppDelegate.m */; };
		FDB4ADED1AEB9CB700ED1783 /* DiscoverViewController.m in Sources */ = {isa = PBXBuildFile; fileRef = FDB4ADC61AEB9CB700ED1783 /* DiscoverViewController.m */; };
		FDB4ADEE1AEB9CB700ED1783 /* HomeViewController.m in Sources */ = {isa = PBXBuildFile; fileRef = FDB4ADCC1AEB9CB700ED1783 /* HomeViewController.m */; };
		FDB4ADEF1AEB9CB700ED1783 /* main.m in Sources */ = {isa = PBXBuildFile; fileRef = FDB4ADD01AEB9CB700ED1783 /* main.m */; };
		FDB4ADF01AEB9CB700ED1783 /* MainNavigationController.m in Sources */ = {isa = PBXBuildFile; fileRef = FDB4ADD21AEB9CB700ED1783 /* MainNavigationController.m */; };
		FDB4ADF11AEB9CB700ED1783 /* MainViewController.m in Sources */ = {isa = PBXBuildFile; fileRef = FDB4ADD41AEB9CB700ED1783 /* MainViewController.m */; };
		FDB4ADF21AEB9CB700ED1783 /* MessageViewController.m in Sources */ = {isa = PBXBuildFile; fileRef = FDB4ADD81AEB9CB700ED1783 /* MessageViewController.m */; };
		FDB4ADF31AEB9CB700ED1783 /* UIView+Extension.m in Sources */ = {isa = PBXBuildFile; fileRef = FDB4ADDE1AEB9CB700ED1783 /* UIView+Extension.m */; };
		FDB4ADF41AEB9CB700ED1783 /* ProfileViewController.m in Sources */ = {isa = PBXBuildFile; fileRef = FDB4ADE31AEB9CB700ED1783 /* ProfileViewController.m */; };
		FDB4ADF51AEB9CB700ED1783 /* TestViewController01.m in Sources */ = {isa = PBXBuildFile; fileRef = FDB4ADE81AEB9CB700ED1783 /* TestViewController01.m */; };
		FDB4ADF61AEB9CB700ED1783 /* TestViewController01.xib in Resources */ = {isa = PBXBuildFile; fileRef = FDB4ADE91AEB9CB700ED1783 /* TestViewController01.xib */; };
		FDB4ADF71AEB9CB700ED1783 /* TestViewController02.m in Sources */ = {isa = PBXBuildFile; fileRef = FDB4ADEB1AEB9CB700ED1783 /* TestViewController02.m */; };
		FDB4ADF81AEB9CB700ED1783 /* TestViewController02.xib in Resources */ = {isa = PBXBuildFile; fileRef = FDB4ADEC1AEB9CB700ED1783 /* TestViewController02.xib */; };
		FDB4ADFB1AEBA7D200ED1783 /* UIBarButtonItem+Extension.m in Sources */ = {isa = PBXBuildFile; fileRef = FDB4ADFA1AEBA7D200ED1783 /* UIBarButtonItem+Extension.m */; };
/* End PBXBuildFile section */

/* Begin PBXContainerItemProxy section */
		FD5241511AE8DF7A00FA0519 /* PBXContainerItemProxy */ = {
			isa = PBXContainerItemProxy;
			containerPortal = FD52412F1AE8DF7A00FA0519 /* Project object */;
			proxyType = 1;
			remoteGlobalIDString = FD5241361AE8DF7A00FA0519;
			remoteInfo = SinaWeiBo;
		};
/* End PBXContainerItemProxy section */

/* Begin PBXFileReference section */
		FD5241371AE8DF7A00FA0519 /* SinaWeiBo.app */ = {isa = PBXFileReference; explicitFileType = wrapper.application; includeInIndex = 0; path = SinaWeiBo.app; sourceTree = BUILT_PRODUCTS_DIR; };
		FD52413B1AE8DF7A00FA0519 /* Info.plist */ = {isa = PBXFileReference; lastKnownFileType = text.plist.xml; path = Info.plist; sourceTree = "<group>"; };
		FD5241471AE8DF7A00FA0519 /* Images.xcassets */ = {isa = PBXFileReference; lastKnownFileType = folder.assetcatalog; path = Images.xcassets; sourceTree = "<group>"; };
		FD52414A1AE8DF7A00FA0519 /* Base */ = {isa = PBXFileReference; lastKnownFileType = file.xib; name = Base; path = Base.lproj/LaunchScreen.xib; sourceTree = "<group>"; };
		FD5241501AE8DF7A00FA0519 /* SinaWeiBoTests.xctest */ = {isa = PBXFileReference; explicitFileType = wrapper.cfbundle; includeInIndex = 0; path = SinaWeiBoTests.xctest; sourceTree = BUILT_PRODUCTS_DIR; };
		FD5241551AE8DF7A00FA0519 /* Info.plist */ = {isa = PBXFileReference; lastKnownFileType = text.plist.xml; path = Info.plist; sourceTree = "<group>"; };
		FD5241561AE8DF7A00FA0519 /* SinaWeiBoTests.m */ = {isa = PBXFileReference; lastKnownFileType = sourcecode.c.objc; path = SinaWeiBoTests.m; sourceTree = "<group>"; };
		FD5241611AE8E36E00FA0519 /* AppDelegate.h */ = {isa = PBXFileReference; fileEncoding = 4; lastKnownFileType = sourcecode.c.h; path = AppDelegate.h; sourceTree = "<group>"; };
		FD5241621AE8E36E00FA0519 /* AppDelegate.m */ = {isa = PBXFileReference; fileEncoding = 4; lastKnownFileType = sourcecode.c.objc; path = AppDelegate.m; sourceTree = "<group>"; };
		FD5241661AE8E5C600FA0519 /* SinaWeiBo-Prefix.pch */ = {isa = PBXFileReference; lastKnownFileType = sourcecode.c.h; path = "SinaWeiBo-Prefix.pch"; sourceTree = "<group>"; };
		FDB4ADC51AEB9CB700ED1783 /* DiscoverViewController.h */ = {isa = PBXFileReference; fileEncoding = 4; lastKnownFileType = sourcecode.c.h; path = DiscoverViewController.h; sourceTree = "<group>"; };
		FDB4ADC61AEB9CB700ED1783 /* DiscoverViewController.m */ = {isa = PBXFileReference; fileEncoding = 4; lastKnownFileType = sourcecode.c.objc; path = DiscoverViewController.m; sourceTree = "<group>"; };
		FDB4ADCB1AEB9CB700ED1783 /* HomeViewController.h */ = {isa = PBXFileReference; fileEncoding = 4; lastKnownFileType = sourcecode.c.h; path = HomeViewController.h; sourceTree = "<group>"; };
		FDB4ADCC1AEB9CB700ED1783 /* HomeViewController.m */ = {isa = PBXFileReference; fileEncoding = 4; lastKnownFileType = sourcecode.c.objc; path = HomeViewController.m; sourceTree = "<group>"; };
		FDB4ADD01AEB9CB700ED1783 /* main.m */ = {isa = PBXFileReference; fileEncoding = 4; lastKnownFileType = sourcecode.c.objc; path = main.m; sourceTree = "<group>"; };
		FDB4ADD11AEB9CB700ED1783 /* MainNavigationController.h */ = {isa = PBXFileReference; fileEncoding = 4; lastKnownFileType = sourcecode.c.h; path = MainNavigationController.h; sourceTree = "<group>"; };
		FDB4ADD21AEB9CB700ED1783 /* MainNavigationController.m */ = {isa = PBXFileReference; fileEncoding = 4; lastKnownFileType = sourcecode.c.objc; path = MainNavigationController.m; sourceTree = "<group>"; };
		FDB4ADD31AEB9CB700ED1783 /* MainViewController.h */ = {isa = PBXFileReference; fileEncoding = 4; lastKnownFileType = sourcecode.c.h; path = MainViewController.h; sourceTree = "<group>"; };
		FDB4ADD41AEB9CB700ED1783 /* MainViewController.m */ = {isa = PBXFileReference; fileEncoding = 4; lastKnownFileType = sourcecode.c.objc; path = MainViewController.m; sourceTree = "<group>"; };
		FDB4ADD71AEB9CB700ED1783 /* MessageViewController.h */ = {isa = PBXFileReference; fileEncoding = 4; lastKnownFileType = sourcecode.c.h; path = MessageViewController.h; sourceTree = "<group>"; };
		FDB4ADD81AEB9CB700ED1783 /* MessageViewController.m */ = {isa = PBXFileReference; fileEncoding = 4; lastKnownFileType = sourcecode.c.objc; path = MessageViewController.m; sourceTree = "<group>"; };
		FDB4ADDD1AEB9CB700ED1783 /* UIView+Extension.h */ = {isa = PBXFileReference; fileEncoding = 4; lastKnownFileType = sourcecode.c.h; path = "UIView+Extension.h"; sourceTree = "<group>"; };
		FDB4ADDE1AEB9CB700ED1783 /* UIView+Extension.m */ = {isa = PBXFileReference; fileEncoding = 4; lastKnownFileType = sourcecode.c.objc; path = "UIView+Extension.m"; sourceTree = "<group>"; };
		FDB4ADE21AEB9CB700ED1783 /* ProfileViewController.h */ = {isa = PBXFileReference; fileEncoding = 4; lastKnownFileType = sourcecode.c.h; path = ProfileViewController.h; sourceTree = "<group>"; };
		FDB4ADE31AEB9CB700ED1783 /* ProfileViewController.m */ = {isa = PBXFileReference; fileEncoding = 4; lastKnownFileType = sourcecode.c.objc; path = ProfileViewController.m; sourceTree = "<group>"; };
		FDB4ADE71AEB9CB700ED1783 /* TestViewController01.h */ = {isa = PBXFileReference; fileEncoding = 4; lastKnownFileType = sourcecode.c.h; path = TestViewController01.h; sourceTree = "<group>"; };
		FDB4ADE81AEB9CB700ED1783 /* TestViewController01.m */ = {isa = PBXFileReference; fileEncoding = 4; lastKnownFileType = sourcecode.c.objc; path = TestViewController01.m; sourceTree = "<group>"; };
		FDB4ADE91AEB9CB700ED1783 /* TestViewController01.xib */ = {isa = PBXFileReference; fileEncoding = 4; lastKnownFileType = file.xib; path = TestViewController01.xib; sourceTree = "<group>"; };
		FDB4ADEA1AEB9CB700ED1783 /* TestViewController02.h */ = {isa = PBXFileReference; fileEncoding = 4; lastKnownFileType = sourcecode.c.h; path = TestViewController02.h; sourceTree = "<group>"; };
		FDB4ADEB1AEB9CB700ED1783 /* TestViewController02.m */ = {isa = PBXFileReference; fileEncoding = 4; lastKnownFileType = sourcecode.c.objc; path = TestViewController02.m; sourceTree = "<group>"; };
		FDB4ADEC1AEB9CB700ED1783 /* TestViewController02.xib */ = {isa = PBXFileReference; fileEncoding = 4; lastKnownFileType = file.xib; path = TestViewController02.xib; sourceTree = "<group>"; };
		FDB4ADF91AEBA7D200ED1783 /* UIBarButtonItem+Extension.h */ = {isa = PBXFileReference; fileEncoding = 4; lastKnownFileType = sourcecode.c.h; path = "UIBarButtonItem+Extension.h"; sourceTree = "<group>"; };
		FDB4ADFA1AEBA7D200ED1783 /* UIBarButtonItem+Extension.m */ = {isa = PBXFileReference; fileEncoding = 4; lastKnownFileType = sourcecode.c.objc; path = "UIBarButtonItem+Extension.m"; sourceTree = "<group>"; };
/* End PBXFileReference section */

/* Begin PBXFrameworksBuildPhase section */
		FD5241341AE8DF7A00FA0519 /* Frameworks */ = {
			isa = PBXFrameworksBuildPhase;
			buildActionMask = 2147483647;
			files = (
			);
			runOnlyForDeploymentPostprocessing = 0;
		};
		FD52414D1AE8DF7A00FA0519 /* Frameworks */ = {
			isa = PBXFrameworksBuildPhase;
			buildActionMask = 2147483647;
			files = (
			);
			runOnlyForDeploymentPostprocessing = 0;
		};
/* End PBXFrameworksBuildPhase section */

/* Begin PBXGroup section */
		FD52412E1AE8DF7A00FA0519 = {
			isa = PBXGroup;
			children = (
				FD5241391AE8DF7A00FA0519 /* SinaWeiBo */,
				FD5241531AE8DF7A00FA0519 /* SinaWeiBoTests */,
				FD5241381AE8DF7A00FA0519 /* Products */,
			);
			sourceTree = "<group>";
		};
		FD5241381AE8DF7A00FA0519 /* Products */ = {
			isa = PBXGroup;
			children = (
				FD5241371AE8DF7A00FA0519 /* SinaWeiBo.app */,
				FD5241501AE8DF7A00FA0519 /* SinaWeiBoTests.xctest */,
			);
			name = Products;
			sourceTree = "<group>";
		};
		FD5241391AE8DF7A00FA0519 /* SinaWeiBo */ = {
			isa = PBXGroup;
			children = (
				FD5241601AE8E36E00FA0519 /* Classes */,
				FD5241491AE8DF7A00FA0519 /* LaunchScreen.xib */,
				FD52413A1AE8DF7A00FA0519 /* Supporting Files */,
			);
			path = SinaWeiBo;
			sourceTree = "<group>";
		};
		FD52413A1AE8DF7A00FA0519 /* Supporting Files */ = {
			isa = PBXGroup;
			children = (
				FD5241471AE8DF7A00FA0519 /* Images.xcassets */,
				FD52413B1AE8DF7A00FA0519 /* Info.plist */,
				FD5241661AE8E5C600FA0519 /* SinaWeiBo-Prefix.pch */,
			);
			name = "Supporting Files";
			sourceTree = "<group>";
		};
		FD5241531AE8DF7A00FA0519 /* SinaWeiBoTests */ = {
			isa = PBXGroup;
			children = (
				FD5241561AE8DF7A00FA0519 /* SinaWeiBoTests.m */,
				FD5241541AE8DF7A00FA0519 /* Supporting Files */,
			);
			path = SinaWeiBoTests;
			sourceTree = "<group>";
		};
		FD5241541AE8DF7A00FA0519 /* Supporting Files */ = {
			isa = PBXGroup;
			children = (
				FD5241551AE8DF7A00FA0519 /* Info.plist */,
			);
			name = "Supporting Files";
			sourceTree = "<group>";
		};
		FD5241601AE8E36E00FA0519 /* Classes */ = {
			isa = PBXGroup;
			children = (
				FDB4ADC31AEB9CB700ED1783 /* discover(发现) */,
				FDB4ADC91AEB9CB700ED1783 /* home(首页) */,
				FDB4ADCF1AEB9CB700ED1783 /* main */,
				FDB4ADD51AEB9CB700ED1783 /* messagecenter(消息) */,
				FDB4ADDB1AEB9CB700ED1783 /* other */,
				FDB4ADE01AEB9CB700ED1783 /* profile(个人中心) */,
				FDB4ADE61AEB9CB700ED1783 /* test */,
				FD5241611AE8E36E00FA0519 /* AppDelegate.h */,
				FD5241621AE8E36E00FA0519 /* AppDelegate.m */,
			);
			path = Classes;
			sourceTree = "<group>";
		};
		FDB4ADC31AEB9CB700ED1783 /* discover(发现) */ = {
			isa = PBXGroup;
			children = (
				FDB4ADC41AEB9CB700ED1783 /* Controller */,
				FDB4ADC71AEB9CB700ED1783 /* Model */,
				FDB4ADC81AEB9CB700ED1783 /* View */,
			);
			path = "discover(发现)";
			sourceTree = "<group>";
		};
		FDB4ADC41AEB9CB700ED1783 /* Controller */ = {
			isa = PBXGroup;
			children = (
				FDB4ADC51AEB9CB700ED1783 /* DiscoverViewController.h */,
				FDB4ADC61AEB9CB700ED1783 /* DiscoverViewController.m */,
			);
			path = Controller;
			sourceTree = "<group>";
		};
		FDB4ADC71AEB9CB700ED1783 /* Model */ = {
			isa = PBXGroup;
			children = (
			);
			path = Model;
			sourceTree = "<group>";
		};
		FDB4ADC81AEB9CB700ED1783 /* View */ = {
			isa = PBXGroup;
			children = (
			);
			path = View;
			sourceTree = "<group>";
		};
		FDB4ADC91AEB9CB700ED1783 /* home(首页) */ = {
			isa = PBXGroup;
			children = (
				FDB4ADCA1AEB9CB700ED1783 /* Controller */,
				FDB4ADCD1AEB9CB700ED1783 /* Model */,
				FDB4ADCE1AEB9CB700ED1783 /* View */,
			);
			path = "home(首页)";
			sourceTree = "<group>";
		};
		FDB4ADCA1AEB9CB700ED1783 /* Controller */ = {
			isa = PBXGroup;
			children = (
				FDB4ADCB1AEB9CB700ED1783 /* HomeViewController.h */,
				FDB4ADCC1AEB9CB700ED1783 /* HomeViewController.m */,
			);
			path = Controller;
			sourceTree = "<group>";
		};
		FDB4ADCD1AEB9CB700ED1783 /* Model */ = {
			isa = PBXGroup;
			children = (
			);
			path = Model;
			sourceTree = "<group>";
		};
		FDB4ADCE1AEB9CB700ED1783 /* View */ = {
			isa = PBXGroup;
			children = (
			);
			path = View;
			sourceTree = "<group>";
		};
		FDB4ADCF1AEB9CB700ED1783 /* main */ = {
			isa = PBXGroup;
			children = (
				FDB4ADD01AEB9CB700ED1783 /* main.m */,
				FDB4ADD11AEB9CB700ED1783 /* MainNavigationController.h */,
				FDB4ADD21AEB9CB700ED1783 /* MainNavigationController.m */,
				FDB4ADD31AEB9CB700ED1783 /* MainViewController.h */,
				FDB4ADD41AEB9CB700ED1783 /* MainViewController.m */,
			);
			path = main;
			sourceTree = "<group>";
		};
		FDB4ADD51AEB9CB700ED1783 /* messagecenter(消息) */ = {
			isa = PBXGroup;
			children = (
				FDB4ADD61AEB9CB700ED1783 /* Controller */,
				FDB4ADD91AEB9CB700ED1783 /* Model */,
				FDB4ADDA1AEB9CB700ED1783 /* View */,
			);
			path = "messagecenter(消息)";
			sourceTree = "<group>";
		};
		FDB4ADD61AEB9CB700ED1783 /* Controller */ = {
			isa = PBXGroup;
			children = (
				FDB4ADD71AEB9CB700ED1783 /* MessageViewController.h */,
				FDB4ADD81AEB9CB700ED1783 /* MessageViewController.m */,
			);
			path = Controller;
			sourceTree = "<group>";
		};
		FDB4ADD91AEB9CB700ED1783 /* Model */ = {
			isa = PBXGroup;
			children = (
			);
			path = Model;
			sourceTree = "<group>";
		};
		FDB4ADDA1AEB9CB700ED1783 /* View */ = {
			isa = PBXGroup;
			children = (
			);
			path = View;
			sourceTree = "<group>";
		};
		FDB4ADDB1AEB9CB700ED1783 /* other */ = {
			isa = PBXGroup;
			children = (
				FDB4ADDC1AEB9CB700ED1783 /* Category */,
				FDB4ADDF1AEB9CB700ED1783 /* Lib */,
			);
			path = other;
			sourceTree = "<group>";
		};
		FDB4ADDC1AEB9CB700ED1783 /* Category */ = {
			isa = PBXGroup;
			children = (
				FDB4ADDD1AEB9CB700ED1783 /* UIView+Extension.h */,
				FDB4ADDE1AEB9CB700ED1783 /* UIView+Extension.m */,
				FDB4ADF91AEBA7D200ED1783 /* UIBarButtonItem+Extension.h */,
				FDB4ADFA1AEBA7D200ED1783 /* UIBarButtonItem+Extension.m */,
			);
			path = Category;
			sourceTree = "<group>";
		};
		FDB4ADDF1AEB9CB700ED1783 /* Lib */ = {
			isa = PBXGroup;
			children = (
			);
			path = Lib;
			sourceTree = "<group>";
		};
		FDB4ADE01AEB9CB700ED1783 /* profile(个人中心) */ = {
			isa = PBXGroup;
			children = (
				FDB4ADE11AEB9CB700ED1783 /* Controller */,
				FDB4ADE41AEB9CB700ED1783 /* Model */,
				FDB4ADE51AEB9CB700ED1783 /* View */,
			);
			path = "profile(个人中心)";
			sourceTree = "<group>";
		};
		FDB4ADE11AEB9CB700ED1783 /* Controller */ = {
			isa = PBXGroup;
			children = (
				FDB4ADE21AEB9CB700ED1783 /* ProfileViewController.h */,
				FDB4ADE31AEB9CB700ED1783 /* ProfileViewController.m */,
			);
			path = Controller;
			sourceTree = "<group>";
		};
		FDB4ADE41AEB9CB700ED1783 /* Model */ = {
			isa = PBXGroup;
			children = (
			);
			path = Model;
			sourceTree = "<group>";
		};
		FDB4ADE51AEB9CB700ED1783 /* View */ = {
			isa = PBXGroup;
			children = (
			);
			path = View;
			sourceTree = "<group>";
		};
		FDB4ADE61AEB9CB700ED1783 /* test */ = {
			isa = PBXGroup;
			children = (
				FDB4ADE71AEB9CB700ED1783 /* TestViewController01.h */,
				FDB4ADE81AEB9CB700ED1783 /* TestViewController01.m */,
				FDB4ADE91AEB9CB700ED1783 /* TestViewController01.xib */,
				FDB4ADEA1AEB9CB700ED1783 /* TestViewController02.h */,
				FDB4ADEB1AEB9CB700ED1783 /* TestViewController02.m */,
				FDB4ADEC1AEB9CB700ED1783 /* TestViewController02.xib */,
			);
			path = test;
			sourceTree = "<group>";
		};
/* End PBXGroup section */

/* Begin PBXNativeTarget section */
		FD5241361AE8DF7A00FA0519 /* SinaWeiBo */ = {
			isa = PBXNativeTarget;
			buildConfigurationList = FD52415A1AE8DF7A00FA0519 /* Build configuration list for PBXNativeTarget "SinaWeiBo" */;
			buildPhases = (
				FD5241331AE8DF7A00FA0519 /* Sources */,
				FD5241341AE8DF7A00FA0519 /* Frameworks */,
				FD5241351AE8DF7A00FA0519 /* Resources */,
			);
			buildRules = (
			);
			dependencies = (
			);
			name = SinaWeiBo;
			productName = SinaWeiBo;
			productReference = FD5241371AE8DF7A00FA0519 /* SinaWeiBo.app */;
			productType = "com.apple.product-type.application";
		};
		FD52414F1AE8DF7A00FA0519 /* SinaWeiBoTests */ = {
			isa = PBXNativeTarget;
			buildConfigurationList = FD52415D1AE8DF7A00FA0519 /* Build configuration list for PBXNativeTarget "SinaWeiBoTests" */;
			buildPhases = (
				FD52414C1AE8DF7A00FA0519 /* Sources */,
				FD52414D1AE8DF7A00FA0519 /* Frameworks */,
				FD52414E1AE8DF7A00FA0519 /* Resources */,
			);
			buildRules = (
			);
			dependencies = (
				FD5241521AE8DF7A00FA0519 /* PBXTargetDependency */,
			);
			name = SinaWeiBoTests;
			productName = SinaWeiBoTests;
			productReference = FD5241501AE8DF7A00FA0519 /* SinaWeiBoTests.xctest */;
			productType = "com.apple.product-type.bundle.unit-test";
		};
/* End PBXNativeTarget section */

/* Begin PBXProject section */
		FD52412F1AE8DF7A00FA0519 /* Project object */ = {
			isa = PBXProject;
			attributes = {
				LastUpgradeCheck = 0620;
				ORGANIZATIONNAME = weiweiwoep;
				TargetAttributes = {
					FD5241361AE8DF7A00FA0519 = {
						CreatedOnToolsVersion = 6.2;
					};
					FD52414F1AE8DF7A00FA0519 = {
						CreatedOnToolsVersion = 6.2;
						TestTargetID = FD5241361AE8DF7A00FA0519;
					};
				};
			};
			buildConfigurationList = FD5241321AE8DF7A00FA0519 /* Build configuration list for PBXProject "SinaWeiBo" */;
			compatibilityVersion = "Xcode 3.2";
			developmentRegion = English;
			hasScannedForEncodings = 0;
			knownRegions = (
				en,
				Base,
			);
			mainGroup = FD52412E1AE8DF7A00FA0519;
			productRefGroup = FD5241381AE8DF7A00FA0519 /* Products */;
			projectDirPath = "";
			projectRoot = "";
			targets = (
				FD5241361AE8DF7A00FA0519 /* SinaWeiBo */,
				FD52414F1AE8DF7A00FA0519 /* SinaWeiBoTests */,
			);
		};
/* End PBXProject section */

/* Begin PBXResourcesBuildPhase section */
		FD5241351AE8DF7A00FA0519 /* Resources */ = {
			isa = PBXResourcesBuildPhase;
			buildActionMask = 2147483647;
			files = (
				FDB4ADF61AEB9CB700ED1783 /* TestViewController01.xib in Resources */,
				FD52414B1AE8DF7A00FA0519 /* LaunchScreen.xib in Resources */,
				FDB4ADF81AEB9CB700ED1783 /* TestViewController02.xib in Resources */,
				FD5241481AE8DF7A00FA0519 /* Images.xcassets in Resources */,
			);
			runOnlyForDeploymentPostprocessing = 0;
		};
		FD52414E1AE8DF7A00FA0519 /* Resources */ = {
			isa = PBXResourcesBuildPhase;
			buildActionMask = 2147483647;
			files = (
			);
			runOnlyForDeploymentPostprocessing = 0;
		};
/* End PBXResourcesBuildPhase section */

/* Begin PBXSourcesBuildPhase section */
		FD5241331AE8DF7A00FA0519 /* Sources */ = {
			isa = PBXSourcesBuildPhase;
			buildActionMask = 2147483647;
			files = (
				FDB4ADFB1AEBA7D200ED1783 /* UIBarButtonItem+Extension.m in Sources */,
				FD5241641AE8E36E00FA0519 /* AppDelegate.m in Sources */,
				FDB4ADF71AEB9CB700ED1783 /* TestViewController02.m in Sources */,
				FDB4ADF51AEB9CB700ED1783 /* TestViewController01.m in Sources */,
				FDB4ADF41AEB9CB700ED1783 /* ProfileViewController.m in Sources */,
				FDB4ADF11AEB9CB700ED1783 /* MainViewController.m in Sources */,
				FDB4ADED1AEB9CB700ED1783 /* DiscoverViewController.m in Sources */,
				FDB4ADEF1AEB9CB700ED1783 /* main.m in Sources */,
				FDB4ADEE1AEB9CB700ED1783 /* HomeViewController.m in Sources */,
				FDB4ADF01AEB9CB700ED1783 /* MainNavigationController.m in Sources */,
				FDB4ADF31AEB9CB700ED1783 /* UIView+Extension.m in Sources */,
				FDB4ADF21AEB9CB700ED1783 /* MessageViewController.m in Sources */,
			);
			runOnlyForDeploymentPostprocessing = 0;
		};
		FD52414C1AE8DF7A00FA0519 /* Sources */ = {
			isa = PBXSourcesBuildPhase;
			buildActionMask = 2147483647;
			files = (
				FD5241571AE8DF7A00FA0519 /* SinaWeiBoTests.m in Sources */,
			);
			runOnlyForDeploymentPostprocessing = 0;
		};
/* End PBXSourcesBuildPhase section */

/* Begin PBXTargetDependency section */
		FD5241521AE8DF7A00FA0519 /* PBXTargetDependency */ = {
			isa = PBXTargetDependency;
			target = FD5241361AE8DF7A00FA0519 /* SinaWeiBo */;
			targetProxy = FD5241511AE8DF7A00FA0519 /* PBXContainerItemProxy */;
		};
/* End PBXTargetDependency section */

/* Begin PBXVariantGroup section */
		FD5241491AE8DF7A00FA0519 /* LaunchScreen.xib */ = {
			isa = PBXVariantGroup;
			children = (
				FD52414A1AE8DF7A00FA0519 /* Base */,
			);
			name = LaunchScreen.xib;
			sourceTree = "<group>";
		};
/* End PBXVariantGroup section */

/* Begin XCBuildConfiguration section */
		FD5241581AE8DF7A00FA0519 /* Debug */ = {
			isa = XCBuildConfiguration;
			buildSettings = {
				ALWAYS_SEARCH_USER_PATHS = NO;
				CLANG_CXX_LANGUAGE_STANDARD = "gnu++0x";
				CLANG_CXX_LIBRARY = "libc++";
				CLANG_ENABLE_MODULES = YES;
				CLANG_ENABLE_OBJC_ARC = YES;
				CLANG_WARN_BOOL_CONVERSION = YES;
				CLANG_WARN_CONSTANT_CONVERSION = YES;
				CLANG_WARN_DIRECT_OBJC_ISA_USAGE = YES_ERROR;
				CLANG_WARN_EMPTY_BODY = YES;
				CLANG_WARN_ENUM_CONVERSION = YES;
				CLANG_WARN_INT_CONVERSION = YES;
				CLANG_WARN_OBJC_ROOT_CLASS = YES_ERROR;
				CLANG_WARN_UNREACHABLE_CODE = YES;
				CLANG_WARN__DUPLICATE_METHOD_MATCH = YES;
				"CODE_SIGN_IDENTITY[sdk=iphoneos*]" = "iPhone Developer";
				COPY_PHASE_STRIP = NO;
				ENABLE_STRICT_OBJC_MSGSEND = YES;
				GCC_C_LANGUAGE_STANDARD = gnu99;
				GCC_DYNAMIC_NO_PIC = NO;
				GCC_OPTIMIZATION_LEVEL = 0;
				GCC_PRECOMPILE_PREFIX_HEADER = YES;
				GCC_PREPROCESSOR_DEFINITIONS = (
					"DEBUG=1",
					"$(inherited)",
				);
				GCC_SYMBOLS_PRIVATE_EXTERN = NO;
				GCC_WARN_64_TO_32_BIT_CONVERSION = YES;
				GCC_WARN_ABOUT_RETURN_TYPE = YES_ERROR;
				GCC_WARN_UNDECLARED_SELECTOR = YES;
				GCC_WARN_UNINITIALIZED_AUTOS = YES_AGGRESSIVE;
				GCC_WARN_UNUSED_FUNCTION = YES;
				GCC_WARN_UNUSED_VARIABLE = YES;
				IPHONEOS_DEPLOYMENT_TARGET = 8.2;
				MTL_ENABLE_DEBUG_INFO = YES;
				ONLY_ACTIVE_ARCH = YES;
				SDKROOT = iphoneos;
			};
			name = Debug;
		};
		FD5241591AE8DF7A00FA0519 /* Release */ = {
			isa = XCBuildConfiguration;
			buildSettings = {
				ALWAYS_SEARCH_USER_PATHS = NO;
				CLANG_CXX_LANGUAGE_STANDARD = "gnu++0x";
				CLANG_CXX_LIBRARY = "libc++";
				CLANG_ENABLE_MODULES = YES;
				CLANG_ENABLE_OBJC_ARC = YES;
				CLANG_WARN_BOOL_CONVERSION = YES;
				CLANG_WARN_CONSTANT_CONVERSION = YES;
				CLANG_WARN_DIRECT_OBJC_ISA_USAGE = YES_ERROR;
				CLANG_WARN_EMPTY_BODY = YES;
				CLANG_WARN_ENUM_CONVERSION = YES;
				CLANG_WARN_INT_CONVERSION = YES;
				CLANG_WARN_OBJC_ROOT_CLASS = YES_ERROR;
				CLANG_WARN_UNREACHABLE_CODE = YES;
				CLANG_WARN__DUPLICATE_METHOD_MATCH = YES;
				"CODE_SIGN_IDENTITY[sdk=iphoneos*]" = "iPhone Developer";
				COPY_PHASE_STRIP = NO;
				ENABLE_NS_ASSERTIONS = NO;
				ENABLE_STRICT_OBJC_MSGSEND = YES;
				GCC_C_LANGUAGE_STANDARD = gnu99;
				GCC_PRECOMPILE_PREFIX_HEADER = YES;
				GCC_WARN_64_TO_32_BIT_CONVERSION = YES;
				GCC_WARN_ABOUT_RETURN_TYPE = YES_ERROR;
				GCC_WARN_UNDECLARED_SELECTOR = YES;
				GCC_WARN_UNINITIALIZED_AUTOS = YES_AGGRESSIVE;
				GCC_WARN_UNUSED_FUNCTION = YES;
				GCC_WARN_UNUSED_VARIABLE = YES;
				IPHONEOS_DEPLOYMENT_TARGET = 8.2;
				MTL_ENABLE_DEBUG_INFO = NO;
				SDKROOT = iphoneos;
				VALIDATE_PRODUCT = YES;
			};
			name = Release;
		};
		FD52415B1AE8DF7A00FA0519 /* Debug */ = {
			isa = XCBuildConfiguration;
			buildSettings = {
				ASSETCATALOG_COMPILER_APPICON_NAME = AppIcon;
				GCC_PREFIX_HEADER = "$(SRCROOT)/SinaWeiBo/SinaWeiBo-Prefix.pch";
				INFOPLIST_FILE = SinaWeiBo/Info.plist;
				LD_RUNPATH_SEARCH_PATHS = "$(inherited) @executable_path/Frameworks";
				PRODUCT_NAME = "$(TARGET_NAME)";
			};
			name = Debug;
		};
		FD52415C1AE8DF7A00FA0519 /* Release */ = {
			isa = XCBuildConfiguration;
			buildSettings = {
				ASSETCATALOG_COMPILER_APPICON_NAME = AppIcon;
				GCC_PREFIX_HEADER = "$(SRCROOT)/SinaWeiBo/SinaWeiBo-Prefix.pch";
				INFOPLIST_FILE = SinaWeiBo/Info.plist;
				LD_RUNPATH_SEARCH_PATHS = "$(inherited) @executable_path/Frameworks";
				PRODUCT_NAME = "$(TARGET_NAME)";
			};
			name = Release;
		};
		FD52415E1AE8DF7A00FA0519 /* Debug */ = {
			isa = XCBuildConfiguration;
			buildSettings = {
				BUNDLE_LOADER = "$(TEST_HOST)";
				FRAMEWORK_SEARCH_PATHS = (
					"$(SDKROOT)/Developer/Library/Frameworks",
					"$(inherited)",
				);
				GCC_PREPROCESSOR_DEFINITIONS = (
					"DEBUG=1",
					"$(inherited)",
				);
				INFOPLIST_FILE = SinaWeiBoTests/Info.plist;
				LD_RUNPATH_SEARCH_PATHS = "$(inherited) @executable_path/Frameworks @loader_path/Frameworks";
				PRODUCT_NAME = "$(TARGET_NAME)";
				TEST_HOST = "$(BUILT_PRODUCTS_DIR)/SinaWeiBo.app/SinaWeiBo";
			};
			name = Debug;
		};
		FD52415F1AE8DF7A00FA0519 /* Release */ = {
			isa = XCBuildConfiguration;
			buildSettings = {
				BUNDLE_LOADER = "$(TEST_HOST)";
				FRAMEWORK_SEARCH_PATHS = (
					"$(SDKROOT)/Developer/Library/Frameworks",
					"$(inherited)",
				);
				INFOPLIST_FILE = SinaWeiBoTests/Info.plist;
				LD_RUNPATH_SEARCH_PATHS = "$(inherited) @executable_path/Frameworks @loader_path/Frameworks";
				PRODUCT_NAME = "$(TARGET_NAME)";
				TEST_HOST = "$(BUILT_PRODUCTS_DIR)/SinaWeiBo.app/SinaWeiBo";
			};
			name = Release;
		};
/* End XCBuildConfiguration section */

/* Begin XCConfigurationList section */
		FD5241321AE8DF7A00FA0519 /* Build configuration list for PBXProject "SinaWeiBo" */ = {
			isa = XCConfigurationList;
			buildConfigurations = (
				FD5241581AE8DF7A00FA0519 /* Debug */,
				FD5241591AE8DF7A00FA0519 /* Release */,
			);
			defaultConfigurationIsVisible = 0;
			defaultConfigurationName = Release;
		};
		FD52415A1AE8DF7A00FA0519 /* Build configuration list for PBXNativeTarget "SinaWeiBo" */ = {
			isa = XCConfigurationList;
			buildConfigurations = (
				FD52415B1AE8DF7A00FA0519 /* Debug */,
				FD52415C1AE8DF7A00FA0519 /* Release */,
			);
			defaultConfigurationIsVisible = 0;
			defaultConfigurationName = Release;
		};
		FD52415D1AE8DF7A00FA0519 /* Build configuration list for PBXNativeTarget "SinaWeiBoTests" */ = {
			isa = XCConfigurationList;
			buildConfigurations = (
				FD52415E1AE8DF7A00FA0519 /* Debug */,
				FD52415F1AE8DF7A00FA0519 /* Release */,
			);
			defaultConfigurationIsVisible = 0;
			defaultConfigurationName = Release;
		};
/* End XCConfigurationList section */
	};
	rootObject = FD52412F1AE8DF7A00FA0519 /* Project object */;
}
